
Microsoft Visual Studio Solution File, Format Version 12.00
Project("{FAE04EC0-301F-11D3-BF4B-00C04F79EFBC}") = "01", "01\01.csproj", "{50024EA7-BE36-479A-BF98-B9A8BE28C34F}"
EndProject
Project("{FAE04EC0-301F-11D3-BF4B-00C04F79EFBC}") = "02", "02\02.csproj", "{0CB8D257-BD24-4A2B-9722-00EEE13B0FEC}"
EndProject
Global
	GlobalSection(SolutionConfigurationPlatforms) = preSolution
		Debug|Any CPU = Debug|Any CPU
		Release|Any CPU = Release|Any CPU
	EndGlobalSection
	GlobalSection(ProjectConfigurationPlatforms) = postSolution
		{50024EA7-BE36-479A-BF98-B9A8BE28C34F}.Debug|Any CPU.ActiveCfg = Debug|Any CPU
		{50024EA7-BE36-479A-BF98-B9A8BE28C34F}.Debug|Any CPU.Build.0 = Debug|Any CPU
		{50024EA7-BE36-479A-BF98-B9A8BE28C34F}.Release|Any CPU.ActiveCfg = Release|Any CPU
		{50024EA7-BE36-479A-BF98-B9A8BE28C34F}.Release|Any CPU.Build.0 = Release|Any CPU
		{0CB8D257-BD24-4A2B-9722-00EEE13B0FEC}.Debug|Any CPU.ActiveCfg = Debug|Any CPU
		{0CB8D257-BD24-4A2B-9722-00EEE13B0FEC}.Debug|Any CPU.Build.0 = Debug|Any CPU
		{0CB8D257-BD24-4A2B-9722-00EEE13B0FEC}.Release|Any CPU.ActiveCfg = Release|Any CPU
		{0CB8D257-BD24-4A2B-9722-00EEE13B0FEC}.Release|Any CPU.Build.0 = Release|Any CPU
	EndGlobalSection
EndGlobal
