
Microsoft Visual Studio Solution File, Format Version 12.00
# Visual Studio Version 17
VisualStudioVersion = 17.4.33122.133
MinimumVisualStudioVersion = 10.0.40219.1
Project("{9A19103F-16F7-4668-BE54-9A1E7A4F7556}") = "04", "04.csproj", "{2C8CF5E2-618D-4A10-85BD-A1DD25DD0DBD}"
EndProject
Project("{FAE04EC0-301F-11D3-BF4B-00C04F79EFBC}") = "Util", "..\Util\Util.csproj", "{DF435597-C9D3-416F-B8FC-244BC7489A7A}"
EndProject
Project("{FAE04EC0-301F-11D3-BF4B-00C04F79EFBC}") = "UtilTests", "..\UtilTests\UtilTests.csproj", "{D3BE3271-85AF-474D-98B5-75E129B1C79B}"
EndProject
Project("{9A19103F-16F7-4668-BE54-9A1E7A4F7556}") = "03", "..\03\03.csproj", "{15A9AA59-CF0E-4568-8525-682DE182F785}"
EndProject
Global
	GlobalSection(SolutionConfigurationPlatforms) = preSolution
		Debug|Any CPU = Debug|Any CPU
		Release|Any CPU = Release|Any CPU
	EndGlobalSection
	GlobalSection(ProjectConfigurationPlatforms) = postSolution
		{2C8CF5E2-618D-4A10-85BD-A1DD25DD0DBD}.Debug|Any CPU.ActiveCfg = Debug|Any CPU
		{2C8CF5E2-618D-4A10-85BD-A1DD25DD0DBD}.Debug|Any CPU.Build.0 = Debug|Any CPU
		{2C8CF5E2-618D-4A10-85BD-A1DD25DD0DBD}.Release|Any CPU.ActiveCfg = Release|Any CPU
		{2C8CF5E2-618D-4A10-85BD-A1DD25DD0DBD}.Release|Any CPU.Build.0 = Release|Any CPU
		{DF435597-C9D3-416F-B8FC-244BC7489A7A}.Debug|Any CPU.ActiveCfg = Debug|Any CPU
		{DF435597-C9D3-416F-B8FC-244BC7489A7A}.Debug|Any CPU.Build.0 = Debug|Any CPU
		{DF435597-C9D3-416F-B8FC-244BC7489A7A}.Release|Any CPU.ActiveCfg = Release|Any CPU
		{DF435597-C9D3-416F-B8FC-244BC7489A7A}.Release|Any CPU.Build.0 = Release|Any CPU
		{D3BE3271-85AF-474D-98B5-75E129B1C79B}.Debug|Any CPU.ActiveCfg = Debug|Any CPU
		{D3BE3271-85AF-474D-98B5-75E129B1C79B}.Debug|Any CPU.Build.0 = Debug|Any CPU
		{D3BE3271-85AF-474D-98B5-75E129B1C79B}.Release|Any CPU.ActiveCfg = Release|Any CPU
		{D3BE3271-85AF-474D-98B5-75E129B1C79B}.Release|Any CPU.Build.0 = Release|Any CPU
		{15A9AA59-CF0E-4568-8525-682DE182F785}.Debug|Any CPU.ActiveCfg = Debug|Any CPU
		{15A9AA59-CF0E-4568-8525-682DE182F785}.Debug|Any CPU.Build.0 = Debug|Any CPU
		{15A9AA59-CF0E-4568-8525-682DE182F785}.Release|Any CPU.ActiveCfg = Release|Any CPU
		{15A9AA59-CF0E-4568-8525-682DE182F785}.Release|Any CPU.Build.0 = Release|Any CPU
	EndGlobalSection
	GlobalSection(SolutionProperties) = preSolution
		HideSolutionNode = FALSE
	EndGlobalSection
	GlobalSection(ExtensibilityGlobals) = postSolution
		SolutionGuid = {7D5E5DEB-AFA2-4A44-B065-26F82F8FE4D0}
	EndGlobalSection
EndGlobal
